{
  "name": "event-garden-frontend",
  "version": "1.0.0",
  "lockfileVersion": 3,
  "requires": true,
  "packages": {
    "": {
      "name": "event-garden-frontend",
      "version": "1.0.0",
      "license": "ISC",
      "dependencies": {
        "@cloudinary/url-gen": "^1.19.0",
        "dotenv": "^16.4.5",
        "js-cookie": "^3.0.5",
        "lodash-contrib": "^4.1200.1"
      },
      "devDependencies": {
        "@types/dotenv": "^8.2.0",
        "@types/js-cookie": "^3.0.6"
      }
    },
    "node_modules/@cloudinary/transformation-builder-sdk": {
      "version": "1.13.3",
      "resolved": "https://registry.npmjs.org/@cloudinary/transformation-builder-sdk/-/transformation-builder-sdk-1.13.3.tgz",
      "integrity": "sha512-tBMpjcwBjUgINGm2lKodb1fe32yBeq2KTSD7TrrFPm2/dQOb7lKmVuDaDe89IPcV+QZbb1JY/ZWL9pZjUV4aKw==",
      "dependencies": {
        "@cloudinary/url-gen": "^1.7.0"
      }
    },
    "node_modules/@cloudinary/url-gen": {
      "version": "1.19.0",
      "resolved": "https://registry.npmjs.org/@cloudinary/url-gen/-/url-gen-1.19.0.tgz",
      "integrity": "sha512-3WSqYAMEe8lcYMFmkNPhOfv6Ql76mpf8O7YEC+CCaoIYrfBubzzeF8yENCaZK9tFJEHvMepI+uWWfilNrz48XA==",
      "dependencies": {
        "@cloudinary/transformation-builder-sdk": "^1.13.0"
      }
    },
    "node_modules/@types/dotenv": {
      "version": "8.2.0",
      "resolved": "https://registry.npmjs.org/@types/dotenv/-/dotenv-8.2.0.tgz",
      "integrity": "sha512-ylSC9GhfRH7m1EUXBXofhgx4lUWmFeQDINW5oLuS+gxWdfUeW4zJdeVTYVkexEW+e2VUvlZR2kGnGGipAWR7kw==",
      "deprecated": "This is a stub types definition. dotenv provides its own type definitions, so you do not need this installed.",
      "dev": true,
      "license": "MIT",
      "dependencies": {
        "dotenv": "*"
      }
    },
    "node_modules/@types/js-cookie": {
      "version": "3.0.6",
      "resolved": "https://registry.npmjs.org/@types/js-cookie/-/js-cookie-3.0.6.tgz",
      "integrity": "sha512-wkw9yd1kEXOPnvEeEV1Go1MmxtBJL0RR79aOTAApecWFVu7w0NNXNqhcWgvw2YgZDYadliXkl14pa3WXw5jlCQ==",
      "dev": true
    },
    "node_modules/dotenv": {
      "version": "16.4.5",
      "resolved": "https://registry.npmjs.org/dotenv/-/dotenv-16.4.5.tgz",
      "integrity": "sha512-ZmdL2rui+eB2YwhsWzjInR8LldtZHGDoQ1ugH85ppHKwpUHL7j7rN0Ti9NCnGiQbhaZ11FpR+7ao1dNsmduNUg==",
      "license": "BSD-2-Clause",
      "engines": {
        "node": ">=12"
      },
      "funding": {
        "url": "https://dotenvx.com"
      }
    },
    "node_modules/js-cookie": {
      "version": "3.0.5",
      "resolved": "https://registry.npmjs.org/js-cookie/-/js-cookie-3.0.5.tgz",
      "integrity": "sha512-cEiJEAEoIbWfCZYKWhVwFuvPX1gETRYPw6LlaTKoxD3s2AkXzkCjnp6h0V77ozyqj0jakteJ4YqDJT830+lVGw==",
      "engines": {
        "node": ">=14"
      }
    },
    "node_modules/lodash": {
      "version": "4.12.0",
      "resolved": "https://registry.npmjs.org/lodash/-/lodash-4.12.0.tgz",
      "integrity": "sha512-H7Y9y0h/WibZBZyt9IOEEDaNJCzmpEoUQNB6d/+sHuS6fKFWCRuYSAf5s2mfK3hYrPqHbosJI4/bv0HUf2OvVw=="
    },
    "node_modules/lodash-contrib": {
      "version": "4.1200.1",
      "resolved": "https://registry.npmjs.org/lodash-contrib/-/lodash-contrib-4.1200.1.tgz",
      "integrity": "sha512-5QkRLyRLjc7J3BOqkqW5BkKXVUMhvlDZ5VqDSrGJnipIIY1KsW/vs3rrIzHg3XqBO6Hibc4o8JTLhdJIHr52Wg==",
      "dependencies": {
        "lodash": "4.12.x"
      }
    }
  }
}
